
Terraform used the selected providers to generate the following execution
plan. Resource actions are indicated with the following symbols:
  + create

Terraform will perform the following actions:

  # module.security-group.aws_db_subnet_group.sql will be created
  + resource "aws_db_subnet_group" "sql" {
      + arn                     = (known after apply)
      + description             = "Managed by Terraform"
      + id                      = (known after apply)
      + name                    = "rds-subnet-group"
      + name_prefix             = (known after apply)
      + subnet_ids              = [
          + "subnet-012eab6448ca839ab",
          + "subnet-07af5b63223a72fd9",
        ]
      + supported_network_types = (known after apply)
      + tags                    = {
          + "Name"           = "rds-subnet-group"
          + "cloud_provider" = "aws"
          + "create_by"      = "Terraform"
          + "environment"    = "dev"
          + "owner"          = "AudreyJ"
          + "project"        = "mayvue"
          + "team"           = "DevOps"
        }
      + tags_all                = {
          + "Name"           = "rds-subnet-group"
          + "cloud_provider" = "aws"
          + "create_by"      = "Terraform"
          + "environment"    = "dev"
          + "owner"          = "AudreyJ"
          + "project"        = "mayvue"
          + "team"           = "DevOps"
        }
      + vpc_id                  = (known after apply)
    }

Plan: 1 to add, 0 to change, 0 to destroy.
