
Terraform used the selected providers to generate the following execution
plan. Resource actions are indicated with the following symbols:
  + create

Terraform will perform the following actions:

  # module.vpc.aws_iam_role.rds_ad_role will be created
  + resource "aws_iam_role" "rds_ad_role" {
      + arn                   = (known after apply)
      + assume_role_policy    = jsonencode(
            {
              + Statement = [
                  + {
                      + Action    = "sts:AssumeRole"
                      + Effect    = "Allow"
                      + Principal = {
                          + Service = "rds.amazonaws.com"
                        }
                    },
                ]
              + Version   = "2012-10-17"
            }
        )
      + create_date           = (known after apply)
      + force_detach_policies = false
      + id                    = (known after apply)
      + managed_policy_arns   = (known after apply)
      + max_session_duration  = 3600
      + name                  = "rds-sql-ad-role"
      + name_prefix           = (known after apply)
      + path                  = "/"
      + tags_all              = (known after apply)
      + unique_id             = (known after apply)

      + inline_policy (known after apply)
    }

  # module.vpc.aws_iam_role_policy_attachment.rds_ad_role_attach will be created
  + resource "aws_iam_role_policy_attachment" "rds_ad_role_attach" {
      + id         = (known after apply)
      + policy_arn = "arn:aws:iam::aws:policy/service-role/AmazonRDSDirectoryServiceAccess"
      + role       = "rds-sql-ad-role"
    }

Plan: 2 to add, 0 to change, 0 to destroy.
