
Terraform used the selected providers to generate the following execution
plan. Resource actions are indicated with the following symbols:
  + create

Terraform will perform the following actions:

  # module.parameter-store.aws_ssm_parameter.db_password["sqlDb"] will be created
  + resource "aws_ssm_parameter" "db_password" {
      + arn            = (known after apply)
      + data_type      = (known after apply)
      + description    = "sqlDb password"
      + has_value_wo   = (known after apply)
      + id             = (known after apply)
      + insecure_value = (known after apply)
      + key_id         = (known after apply)
      + name           = "sqlDb-password"
      + tags           = {
          + "Name"           = "sqlDb-password"
          + "cloud_provider" = "aws"
          + "create_by"      = "Terraform"
          + "environment"    = "dev"
          + "owner"          = "AudreyJ"
          + "project"        = "mayvue"
          + "team"           = "DevOps"
        }
      + tags_all       = {
          + "Name"           = "sqlDb-password"
          + "cloud_provider" = "aws"
          + "create_by"      = "Terraform"
          + "environment"    = "dev"
          + "owner"          = "AudreyJ"
          + "project"        = "mayvue"
          + "team"           = "DevOps"
        }
      + tier           = (known after apply)
      + type           = "SecureString"
      + value          = (sensitive value)
      + version        = (known after apply)
    }

  # module.parameter-store.aws_ssm_parameter.db_username["sqlDb"] will be created
  + resource "aws_ssm_parameter" "db_username" {
      + arn            = (known after apply)
      + data_type      = (known after apply)
      + description    = "sqlDb username"
      + has_value_wo   = (known after apply)
      + id             = (known after apply)
      + insecure_value = (known after apply)
      + key_id         = (known after apply)
      + name           = "sqlDb-username"
      + tags           = {
          + "Name"           = "sqlDb-username"
          + "cloud_provider" = "aws"
          + "create_by"      = "Terraform"
          + "environment"    = "dev"
          + "owner"          = "AudreyJ"
          + "project"        = "mayvue"
          + "team"           = "DevOps"
        }
      + tags_all       = {
          + "Name"           = "sqlDb-username"
          + "cloud_provider" = "aws"
          + "create_by"      = "Terraform"
          + "environment"    = "dev"
          + "owner"          = "AudreyJ"
          + "project"        = "mayvue"
          + "team"           = "DevOps"
        }
      + tier           = (known after apply)
      + type           = "SecureString"
      + value          = (sensitive value)
      + version        = (known after apply)
    }

Plan: 2 to add, 0 to change, 0 to destroy.
